{
  "version": 4,
  "terraform_version": "0.12.29",
  "serial": 8,
  "lineage": "9cc55f77-92f5-b586-07f3-65e82dc0905b",
  "outputs": {},
  "resources": [
    {
      "mode": "data",
      "type": "aws_route53_zone",
      "name": "website_route_zone",
      "provider": "provider.aws",
      "instances": [
        {
          "schema_version": 0,
          "attributes": {
            "caller_reference": "RISWorkflow-RD:74862dd7-09b8-4929-a862-eb091c250d55",
            "comment": "HostedZone created by Route53 Registrar",
            "id": "Z04771263UDOW6URF2XC5",
            "linked_service_description": null,
            "linked_service_principal": null,
            "name": "elvisgastelum.com.",
            "name_servers": [
              "ns-1846.awsdns-38.co.uk",
              "ns-1283.awsdns-32.org",
              "ns-646.awsdns-16.net",
              "ns-470.awsdns-58.com"
            ],
            "private_zone": false,
            "resource_record_set_count": 4,
            "tags": {},
            "vpc_id": null,
            "zone_id": "Z04771263UDOW6URF2XC5"
          }
        }
      ]
    },
    {
      "mode": "managed",
      "type": "aws_acm_certificate",
      "name": "cert",
      "provider": "provider.aws.east",
      "instances": [
        {
          "schema_version": 0,
          "attributes": {
            "arn": "arn:aws:acm:us-east-1:885142023993:certificate/4d7b53a8-9e6e-4209-9ac9-c52debb3cbc1",
            "certificate_authority_arn": "",
            "certificate_body": null,
            "certificate_chain": null,
            "domain_name": "issues.elvisgastelum.com",
            "domain_validation_options": [
              {
                "domain_name": "issues.elvisgastelum.com",
                "resource_record_name": "_17509f22d7cbdeb2d78e37e20d1dbfad.issues.elvisgastelum.com.",
                "resource_record_type": "CNAME",
                "resource_record_value": "_f892e1268b767962729f41ddfbedbbb0.jfrzftwwjs.acm-validations.aws."
              }
            ],
            "id": "arn:aws:acm:us-east-1:885142023993:certificate/4d7b53a8-9e6e-4209-9ac9-c52debb3cbc1",
            "options": [
              {
                "certificate_transparency_logging_preference": "ENABLED"
              }
            ],
            "private_key": null,
            "status": "PENDING_VALIDATION",
            "subject_alternative_names": [],
            "tags": null,
            "validation_emails": [],
            "validation_method": "DNS"
          },
          "private": "bnVsbA=="
        }
      ]
    },
    {
      "mode": "managed",
      "type": "aws_acm_certificate_validation",
      "name": "cert",
      "provider": "provider.aws.east",
      "instances": [
        {
          "schema_version": 0,
          "attributes": {
            "certificate_arn": "arn:aws:acm:us-east-1:885142023993:certificate/4d7b53a8-9e6e-4209-9ac9-c52debb3cbc1",
            "id": "2020-07-28 01:59:02 +0000 UTC",
            "timeouts": null,
            "validation_record_fqdns": [
              "_17509f22d7cbdeb2d78e37e20d1dbfad.issues.elvisgastelum.com"
            ]
          },
          "private": "eyJlMmJmYjczMC1lY2FhLTExZTYtOGY4OC0zNDM2M2JjN2M0YzAiOnsiY3JlYXRlIjoyNzAwMDAwMDAwMDAwfX0=",
          "dependencies": [
            "aws_acm_certificate.cert",
            "aws_route53_record.validation"
          ]
        }
      ]
    },
    {
      "mode": "managed",
      "type": "aws_cloudfront_distribution",
      "name": "website",
      "provider": "provider.aws",
      "instances": [
        {
          "schema_version": 1,
          "attributes": {
            "active_trusted_signers": {
              "enabled": "false",
              "items.#": "0"
            },
            "aliases": [
              "issues.elvisgastelum.com"
            ],
            "arn": "arn:aws:cloudfront::885142023993:distribution/E4ZH5423GKZ17",
            "cache_behavior": [],
            "caller_reference": "terraform-20200728015904823400000001",
            "comment": null,
            "custom_error_response": [
              {
                "error_caching_min_ttl": 86400,
                "error_code": 403,
                "response_code": 200,
                "response_page_path": "/index.html"
              },
              {
                "error_caching_min_ttl": 86400,
                "error_code": 404,
                "response_code": 200,
                "response_page_path": "/index.html"
              }
            ],
            "default_cache_behavior": [
              {
                "allowed_methods": [
                  "GET",
                  "HEAD"
                ],
                "cached_methods": [
                  "GET",
                  "HEAD"
                ],
                "compress": false,
                "default_ttl": 3600,
                "field_level_encryption_id": "",
                "forwarded_values": [
                  {
                    "cookies": [
                      {
                        "forward": "none",
                        "whitelisted_names": null
                      }
                    ],
                    "headers": null,
                    "query_string": false,
                    "query_string_cache_keys": null
                  }
                ],
                "lambda_function_association": [],
                "max_ttl": 86400,
                "min_ttl": 0,
                "smooth_streaming": false,
                "target_origin_id": "S3-issues.elvisgastelum.com",
                "trusted_signers": null,
                "viewer_protocol_policy": "redirect-to-https"
              }
            ],
            "default_root_object": "index.html",
            "domain_name": "d2kuif5pvkpg6y.cloudfront.net",
            "enabled": true,
            "etag": "E2HXT96X1LJ6PV",
            "hosted_zone_id": "Z2FDTNDATAQYW2",
            "http_version": "http2",
            "id": "E4ZH5423GKZ17",
            "in_progress_validation_batches": 0,
            "is_ipv6_enabled": true,
            "last_modified_time": "2020-07-28 01:59:05.439 +0000 UTC",
            "logging_config": [],
            "ordered_cache_behavior": [],
            "origin": [
              {
                "custom_header": [],
                "custom_origin_config": [],
                "domain_name": "issues.elvisgastelum.com.s3.amazonaws.com",
                "origin_id": "S3-issues.elvisgastelum.com",
                "origin_path": "",
                "s3_origin_config": []
              }
            ],
            "origin_group": [],
            "price_class": "PriceClass_All",
            "restrictions": [
              {
                "geo_restriction": [
                  {
                    "locations": null,
                    "restriction_type": "none"
                  }
                ]
              }
            ],
            "retain_on_delete": false,
            "status": "Deployed",
            "tags": null,
            "viewer_certificate": [
              {
                "acm_certificate_arn": "arn:aws:acm:us-east-1:885142023993:certificate/4d7b53a8-9e6e-4209-9ac9-c52debb3cbc1",
                "cloudfront_default_certificate": false,
                "iam_certificate_id": "",
                "minimum_protocol_version": "TLSv1.1_2016",
                "ssl_support_method": "sni-only"
              }
            ],
            "wait_for_deployment": true,
            "web_acl_id": ""
          },
          "private": "eyJzY2hlbWFfdmVyc2lvbiI6IjEifQ==",
          "dependencies": [
            "aws_acm_certificate.cert",
            "aws_acm_certificate_validation.cert",
            "aws_route53_record.validation",
            "aws_s3_bucket.web_bucket"
          ]
        }
      ]
    },
    {
      "mode": "managed",
      "type": "aws_route53_record",
      "name": "validation",
      "provider": "provider.aws",
      "instances": [
        {
          "schema_version": 2,
          "attributes": {
            "alias": [],
            "allow_overwrite": null,
            "failover_routing_policy": [],
            "fqdn": "_17509f22d7cbdeb2d78e37e20d1dbfad.issues.elvisgastelum.com",
            "geolocation_routing_policy": [],
            "health_check_id": null,
            "id": "Z04771263UDOW6URF2XC5__17509f22d7cbdeb2d78e37e20d1dbfad.issues.elvisgastelum.com._CNAME",
            "latency_routing_policy": [],
            "multivalue_answer_routing_policy": null,
            "name": "_17509f22d7cbdeb2d78e37e20d1dbfad.issues.elvisgastelum.com",
            "records": [
              "_f892e1268b767962729f41ddfbedbbb0.jfrzftwwjs.acm-validations.aws."
            ],
            "set_identifier": null,
            "ttl": 60,
            "type": "CNAME",
            "weighted_routing_policy": [],
            "zone_id": "Z04771263UDOW6URF2XC5"
          },
          "private": "eyJzY2hlbWFfdmVyc2lvbiI6IjIifQ==",
          "dependencies": [
            "aws_acm_certificate.cert"
          ]
        }
      ]
    },
    {
      "mode": "managed",
      "type": "aws_route53_record",
      "name": "website_route_record",
      "provider": "provider.aws",
      "instances": [
        {
          "schema_version": 2,
          "attributes": {
            "alias": [
              {
                "evaluate_target_health": true,
                "name": "d2kuif5pvkpg6y.cloudfront.net",
                "zone_id": "Z2FDTNDATAQYW2"
              }
            ],
            "allow_overwrite": null,
            "failover_routing_policy": [],
            "fqdn": "issues.elvisgastelum.com",
            "geolocation_routing_policy": [],
            "health_check_id": null,
            "id": "Z04771263UDOW6URF2XC5_issues_A",
            "latency_routing_policy": [],
            "multivalue_answer_routing_policy": null,
            "name": "issues",
            "records": null,
            "set_identifier": null,
            "ttl": null,
            "type": "A",
            "weighted_routing_policy": [],
            "zone_id": "Z04771263UDOW6URF2XC5"
          },
          "private": "eyJzY2hlbWFfdmVyc2lvbiI6IjIifQ==",
          "dependencies": [
            "aws_acm_certificate.cert",
            "aws_acm_certificate_validation.cert",
            "aws_cloudfront_distribution.website",
            "aws_route53_record.validation",
            "aws_s3_bucket.web_bucket"
          ]
        }
      ]
    },
    {
      "mode": "managed",
      "type": "aws_s3_bucket",
      "name": "web_bucket",
      "provider": "provider.aws",
      "instances": [
        {
          "schema_version": 0,
          "attributes": {
            "acceleration_status": "",
            "acl": "public-read",
            "arn": "arn:aws:s3:::issues.elvisgastelum.com",
            "bucket": "issues.elvisgastelum.com",
            "bucket_domain_name": "issues.elvisgastelum.com.s3.amazonaws.com",
            "bucket_prefix": null,
            "bucket_regional_domain_name": "issues.elvisgastelum.com.s3.us-west-1.amazonaws.com",
            "cors_rule": [],
            "force_destroy": false,
            "grant": [],
            "hosted_zone_id": "Z2F56UZL2M1ACD",
            "id": "issues.elvisgastelum.com",
            "lifecycle_rule": [],
            "logging": [],
            "object_lock_configuration": [],
            "policy": null,
            "region": "us-west-1",
            "replication_configuration": [],
            "request_payer": "BucketOwner",
            "server_side_encryption_configuration": [],
            "tags": null,
            "versioning": [
              {
                "enabled": false,
                "mfa_delete": false
              }
            ],
            "website": [
              {
                "error_document": "index.html",
                "index_document": "index.html",
                "redirect_all_requests_to": "",
                "routing_rules": ""
              }
            ],
            "website_domain": "s3-website-us-west-1.amazonaws.com",
            "website_endpoint": "issues.elvisgastelum.com.s3-website-us-west-1.amazonaws.com"
          },
          "private": "bnVsbA=="
        }
      ]
    },
    {
      "mode": "managed",
      "type": "aws_s3_bucket_policy",
      "name": "web_bucket_policy",
      "provider": "provider.aws",
      "instances": [
        {
          "schema_version": 0,
          "attributes": {
            "bucket": "issues.elvisgastelum.com",
            "id": "issues.elvisgastelum.com",
            "policy": "{\n  \"Version\": \"2008-10-17\",\n  \"Statement\": [\n    {\n      \"Sid\": \"PublicReadForGetBucketObjects\",\n      \"Effect\": \"Allow\",\n      \"Principal\": {\n        \"AWS\": \"*\"\n      },\n      \"Action\": \"s3:GetObject\",\n      \"Resource\": \"arn:aws:s3:::issues.elvisgastelum.com/*\"\n    }\n  ]\n}\n"
          },
          "private": "bnVsbA==",
          "dependencies": [
            "aws_s3_bucket.web_bucket"
          ]
        }
      ]
    }
  ]
}
